
Microsoft Visual Studio Solution File, Format Version 12.00
# Visual Studio Version 16
VisualStudioVersion = 16.0.31025.194
MinimumVisualStudioVersion = 10.0.40219.1
Project("{FAE04EC0-301F-11D3-BF4B-00C04F79EFBC}") = "RectSrc builder", "RectSrc builder.csproj", "{83FF3142-CECD-4812-96FF-0527518042F8}"
EndProject
Global
	GlobalSection(SolutionConfigurationPlatforms) = preSolution
		Debug|Any CPU = Debug|Any CPU
		Release|Any CPU = Release|Any CPU
	EndGlobalSection
	GlobalSection(ProjectConfigurationPlatforms) = postSolution
		{83FF3142-CECD-4812-96FF-0527518042F8}.Debug|Any CPU.ActiveCfg = Debug|Any CPU
		{83FF3142-CECD-4812-96FF-0527518042F8}.Debug|Any CPU.Build.0 = Debug|Any CPU
		{83FF3142-CECD-4812-96FF-0527518042F8}.Release|Any CPU.ActiveCfg = Release|Any CPU
		{83FF3142-CECD-4812-96FF-0527518042F8}.Release|Any CPU.Build.0 = Release|Any CPU
	EndGlobalSection
	GlobalSection(SolutionProperties) = preSolution
		HideSolutionNode = FALSE
	EndGlobalSection
	GlobalSection(ExtensibilityGlobals) = postSolution
		SolutionGuid = {17EC54A3-A794-4F47-AB3E-82442A5B3BC7}
	EndGlobalSection
EndGlobal
