
Microsoft Visual Studio Solution File, Format Version 12.00
# Visual Studio Version 16
VisualStudioVersion = 16.0.31025.194
MinimumVisualStudioVersion = 10.0.40219.1
Project("{FAE04EC0-301F-11D3-BF4B-00C04F79EFBC}") = "RectSrc", "RectSrc.csproj", "{1965F753-396F-4747-B01D-688A988907B4}"
EndProject
Global
	GlobalSection(SolutionConfigurationPlatforms) = preSolution
		Debug|Any CPU = Debug|Any CPU
		Release|Any CPU = Release|Any CPU
	EndGlobalSection
	GlobalSection(ProjectConfigurationPlatforms) = postSolution
		{1965F753-396F-4747-B01D-688A988907B4}.Debug|Any CPU.ActiveCfg = Debug|Any CPU
		{1965F753-396F-4747-B01D-688A988907B4}.Debug|Any CPU.Build.0 = Debug|Any CPU
		{1965F753-396F-4747-B01D-688A988907B4}.Release|Any CPU.ActiveCfg = Release|Any CPU
		{1965F753-396F-4747-B01D-688A988907B4}.Release|Any CPU.Build.0 = Release|Any CPU
	EndGlobalSection
	GlobalSection(SolutionProperties) = preSolution
		HideSolutionNode = FALSE
	EndGlobalSection
	GlobalSection(ExtensibilityGlobals) = postSolution
		SolutionGuid = {46C6F6D4-015D-4731-91B0-64BD016AE5E5}
	EndGlobalSection
EndGlobal
